// !$*UTF8*$!
{
	archiveVersion = 1;
	classes = {
	};
	objectVersion = 50;
	objects = {

/* Begin PBXBuildFile section */
		18E4275F24CFAE4800DA7AB3 /* AppDelegate.m in Sources */ = {isa = PBXBuildFile; fileRef = 18E4275E24CFAE4800DA7AB3 /* AppDelegate.m */; };
		18E4276524CFAE4800DA7AB3 /* ViewController.m in Sources */ = {isa = PBXBuildFile; fileRef = 18E4276424CFAE4800DA7AB3 /* ViewController.m */; };
		18E4276824CFAE4800DA7AB3 /* Main.storyboard in Resources */ = {isa = PBXBuildFile; fileRef = 18E4276624CFAE4800DA7AB3 /* Main.storyboard */; };
		18E4276A24CFAE4A00DA7AB3 /* Assets.xcassets in Resources */ = {isa = PBXBuildFile; fileRef = 18E4276924CFAE4A00DA7AB3 /* Assets.xcassets */; };
		18E4276D24CFAE4A00DA7AB3 /* LaunchScreen.storyboard in Resources */ = {isa = PBXBuildFile; fileRef = 18E4276B24CFAE4A00DA7AB3 /* LaunchScreen.storyboard */; };
		18E4277024CFAE4A00DA7AB3 /* main.m in Sources */ = {isa = PBXBuildFile; fileRef = 18E4276F24CFAE4A00DA7AB3 /* main.m */; };
		18E4277724CFAF6100DA7AB3 /* test.png in Resources */ = {isa = PBXBuildFile; fileRef = 18E4277624CFAF6100DA7AB3 /* test.png */; };
/* End PBXBuildFile section */

/* Begin PBXFileReference section */
		18E4275A24CFAE4800DA7AB3 /* OpenGL_ES_CubeRotation2.app */ = {isa = PBXFileReference; explicitFileType = wrapper.application; includeInIndex = 0; path = OpenGL_ES_CubeRotation2.app; sourceTree = BUILT_PRODUCTS_DIR; };
		18E4275D24CFAE4800DA7AB3 /* AppDelegate.h */ = {isa = PBXFileReference; lastKnownFileType = sourcecode.c.h; path = AppDelegate.h; sourceTree = "<group>"; };
		18E4275E24CFAE4800DA7AB3 /* AppDelegate.m */ = {isa = PBXFileReference; lastKnownFileType = sourcecode.c.objc; path = AppDelegate.m; sourceTree = "<group>"; };
		18E4276324CFAE4800DA7AB3 /* ViewController.h */ = {isa = PBXFileReference; lastKnownFileType = sourcecode.c.h; path = ViewController.h; sourceTree = "<group>"; };
		18E4276424CFAE4800DA7AB3 /* ViewController.m */ = {isa = PBXFileReference; lastKnownFileType = sourcecode.c.objc; path = ViewController.m; sourceTree = "<group>"; };
		18E4276724CFAE4800DA7AB3 /* Base */ = {isa = PBXFileReference; lastKnownFileType = file.storyboard; name = Base; path = Base.lproj/Main.storyboard; sourceTree = "<group>"; };
		18E4276924CFAE4A00DA7AB3 /* Assets.xcassets */ = {isa = PBXFileReference; lastKnownFileType = folder.assetcatalog; path = Assets.xcassets; sourceTree = "<group>"; };
		18E4276C24CFAE4A00DA7AB3 /* Base */ = {isa = PBXFileReference; lastKnownFileType = file.storyboard; name = Base; path = Base.lproj/LaunchScreen.storyboard; sourceTree = "<group>"; };
		18E4276E24CFAE4A00DA7AB3 /* Info.plist */ = {isa = PBXFileReference; lastKnownFileType = text.plist.xml; path = Info.plist; sourceTree = "<group>"; };
		18E4276F24CFAE4A00DA7AB3 /* main.m */ = {isa = PBXFileReference; lastKnownFileType = sourcecode.c.objc; path = main.m; sourceTree = "<group>"; };
		18E4277624CFAF6100DA7AB3 /* test.png */ = {isa = PBXFileReference; lastKnownFileType = image.png; path = test.png; sourceTree = "<group>"; };
/* End PBXFileReference section */

/* Begin PBXFrameworksBuildPhase section */
		18E4275724CFAE4800DA7AB3 /* Frameworks */ = {
			isa = PBXFrameworksBuildPhase;
			buildActionMask = 2147483647;
			files = (
			);
			runOnlyForDeploymentPostprocessing = 0;
		};
/* End PBXFrameworksBuildPhase section */

/* Begin PBXGroup section */
		18E4275124CFAE4800DA7AB3 = {
			isa = PBXGroup;
			children = (
				18E4275C24CFAE4800DA7AB3 /* OpenGL_ES_CubeRotation2 */,
				18E4275B24CFAE4800DA7AB3 /* Products */,
			);
			sourceTree = "<group>";
		};
		18E4275B24CFAE4800DA7AB3 /* Products */ = {
			isa = PBXGroup;
			children = (
				18E4275A24CFAE4800DA7AB3 /* OpenGL_ES_CubeRotation2.app */,
			);
			name = Products;
			sourceTree = "<group>";
		};
		18E4275C24CFAE4800DA7AB3 /* OpenGL_ES_CubeRotation2 */ = {
			isa = PBXGroup;
			children = (
				18E4275D24CFAE4800DA7AB3 /* AppDelegate.h */,
				18E4275E24CFAE4800DA7AB3 /* AppDelegate.m */,
				18E4276324CFAE4800DA7AB3 /* ViewController.h */,
				18E4276424CFAE4800DA7AB3 /* ViewController.m */,
				18E4277624CFAF6100DA7AB3 /* test.png */,
				18E4276624CFAE4800DA7AB3 /* Main.storyboard */,
				18E4276924CFAE4A00DA7AB3 /* Assets.xcassets */,
				18E4276B24CFAE4A00DA7AB3 /* LaunchScreen.storyboard */,
				18E4276E24CFAE4A00DA7AB3 /* Info.plist */,
				18E4276F24CFAE4A00DA7AB3 /* main.m */,
			);
			path = OpenGL_ES_CubeRotation2;
			sourceTree = "<group>";
		};
/* End PBXGroup section */

/* Begin PBXNativeTarget section */
		18E4275924CFAE4800DA7AB3 /* OpenGL_ES_CubeRotation2 */ = {
			isa = PBXNativeTarget;
			buildConfigurationList = 18E4277324CFAE4A00DA7AB3 /* Build configuration list for PBXNativeTarget "OpenGL_ES_CubeRotation2" */;
			buildPhases = (
				18E4275624CFAE4800DA7AB3 /* Sources */,
				18E4275724CFAE4800DA7AB3 /* Frameworks */,
				18E4275824CFAE4800DA7AB3 /* Resources */,
			);
			buildRules = (
			);
			dependencies = (
			);
			name = OpenGL_ES_CubeRotation2;
			productName = OpenGL_ES_CubeRotation2;
			productReference = 18E4275A24CFAE4800DA7AB3 /* OpenGL_ES_CubeRotation2.app */;
			productType = "com.apple.product-type.application";
		};
/* End PBXNativeTarget section */

/* Begin PBXProject section */
		18E4275224CFAE4800DA7AB3 /* Project object */ = {
			isa = PBXProject;
			attributes = {
				LastUpgradeCheck = 1140;
				ORGANIZATIONNAME = yinhe;
				TargetAttributes = {
					18E4275924CFAE4800DA7AB3 = {
						CreatedOnToolsVersion = 11.4.1;
					};
				};
			};
			buildConfigurationList = 18E4275524CFAE4800DA7AB3 /* Build configuration list for PBXProject "OpenGL_ES_CubeRotation2" */;
			compatibilityVersion = "Xcode 9.3";
			developmentRegion = en;
			hasScannedForEncodings = 0;
			knownRegions = (
				en,
				Base,
			);
			mainGroup = 18E4275124CFAE4800DA7AB3;
			productRefGroup = 18E4275B24CFAE4800DA7AB3 /* Products */;
			projectDirPath = "";
			projectRoot = "";
			targets = (
				18E4275924CFAE4800DA7AB3 /* OpenGL_ES_CubeRotation2 */,
			);
		};
/* End PBXProject section */

/* Begin PBXResourcesBuildPhase section */
		18E4275824CFAE4800DA7AB3 /* Resources */ = {
			isa = PBXResourcesBuildPhase;
			buildActionMask = 2147483647;
			files = (
				18E4276D24CFAE4A00DA7AB3 /* LaunchScreen.storyboard in Resources */,
				18E4276A24CFAE4A00DA7AB3 /* Assets.xcassets in Resources */,
				18E4277724CFAF6100DA7AB3 /* test.png in Resources */,
				18E4276824CFAE4800DA7AB3 /* Main.storyboard in Resources */,
			);
			runOnlyForDeploymentPostprocessing = 0;
		};
/* End PBXResourcesBuildPhase section */

/* Begin PBXSourcesBuildPhase section */
		18E4275624CFAE4800DA7AB3 /* Sources */ = {
			isa = PBXSourcesBuildPhase;
			buildActionMask = 2147483647;
			files = (
				18E4276524CFAE4800DA7AB3 /* ViewController.m in Sources */,
				18E4275F24CFAE4800DA7AB3 /* AppDelegate.m in Sources */,
				18E4277024CFAE4A00DA7AB3 /* main.m in Sources */,
			);
			runOnlyForDeploymentPostprocessing = 0;
		};
/* End PBXSourcesBuildPhase section */

/* Begin PBXVariantGroup section */
		18E4276624CFAE4800DA7AB3 /* Main.storyboard */ = {
			isa = PBXVariantGroup;
			children = (
				18E4276724CFAE4800DA7AB3 /* Base */,
			);
			name = Main.storyboard;
			sourceTree = "<group>";
		};
		18E4276B24CFAE4A00DA7AB3 /* LaunchScreen.storyboard */ = {
			isa = PBXVariantGroup;
			children = (
				18E4276C24CFAE4A00DA7AB3 /* Base */,
			);
			name = LaunchScreen.storyboard;
			sourceTree = "<group>";
		};
/* End PBXVariantGroup section */

/* Begin XCBuildConfiguration section */
		18E4277124CFAE4A00DA7AB3 /* Debug */ = {
			isa = XCBuildConfiguration;
			buildSettings = {
				ALWAYS_SEARCH_USER_PATHS = NO;
				CLANG_ANALYZER_NONNULL = YES;
				CLANG_ANALYZER_NUMBER_OBJECT_CONVERSION = YES_AGGRESSIVE;
				CLANG_CXX_LANGUAGE_STANDARD = "gnu++14";
				CLANG_CXX_LIBRARY = "libc++";
				CLANG_ENABLE_MODULES = YES;
				CLANG_ENABLE_OBJC_ARC = YES;
				CLANG_ENABLE_OBJC_WEAK = YES;
				CLANG_WARN_BLOCK_CAPTURE_AUTORELEASING = YES;
				CLANG_WARN_BOOL_CONVERSION = YES;
				CLANG_WARN_COMMA = YES;
				CLANG_WARN_CONSTANT_CONVERSION = YES;
				CLANG_WARN_DEPRECATED_OBJC_IMPLEMENTATIONS = YES;
				CLANG_WARN_DIRECT_OBJC_ISA_USAGE = YES_ERROR;
				CLANG_WARN_DOCUMENTATION_COMMENTS = YES;
				CLANG_WARN_EMPTY_BODY = YES;
				CLANG_WARN_ENUM_CONVERSION = YES;
				CLANG_WARN_INFINITE_RECURSION = YES;
				CLANG_WARN_INT_CONVERSION = YES;
				CLANG_WARN_NON_LITERAL_NULL_CONVERSION = YES;
				CLANG_WARN_OBJC_IMPLICIT_RETAIN_SELF = YES;
				CLANG_WARN_OBJC_LITERAL_CONVERSION = YES;
				CLANG_WARN_OBJC_ROOT_CLASS = YES_ERROR;
				CLANG_WARN_RANGE_LOOP_ANALYSIS = YES;
				CLANG_WARN_STRICT_PROTOTYPES = YES;
				CLANG_WARN_SUSPICIOUS_MOVE = YES;
				CLANG_WARN_UNGUARDED_AVAILABILITY = YES_AGGRESSIVE;
				CLANG_WARN_UNREACHABLE_CODE = YES;
				CLANG_WARN__DUPLICATE_METHOD_MATCH = YES;
				COPY_PHASE_STRIP = NO;
				DEBUG_INFORMATION_FORMAT = dwarf;
				ENABLE_STRICT_OBJC_MSGSEND = YES;
				ENABLE_TESTABILITY = YES;
				GCC_C_LANGUAGE_STANDARD = gnu11;
				GCC_DYNAMIC_NO_PIC = NO;
				GCC_NO_COMMON_BLOCKS = YES;
				GCC_OPTIMIZATION_LEVEL = 0;
				GCC_PREPROCESSOR_DEFINITIONS = (
					"DEBUG=1",
					"$(inherited)",
				);
				GCC_WARN_64_TO_32_BIT_CONVERSION = YES;
				GCC_WARN_ABOUT_RETURN_TYPE = YES_ERROR;
				GCC_WARN_UNDECLARED_SELECTOR = YES;
				GCC_WARN_UNINITIALIZED_AUTOS = YES_AGGRESSIVE;
				GCC_WARN_UNUSED_FUNCTION = YES;
				GCC_WARN_UNUSED_VARIABLE = YES;
				IPHONEOS_DEPLOYMENT_TARGET = 13.4;
				MTL_ENABLE_DEBUG_INFO = INCLUDE_SOURCE;
				MTL_FAST_MATH = YES;
				ONLY_ACTIVE_ARCH = YES;
				SDKROOT = iphoneos;
			};
			name = Debug;
		};
		18E4277224CFAE4A00DA7AB3 /* Release */ = {
			isa = XCBuildConfiguration;
			buildSettings = {
				ALWAYS_SEARCH_USER_PATHS = NO;
				CLANG_ANALYZER_NONNULL = YES;
				CLANG_ANALYZER_NUMBER_OBJECT_CONVERSION = YES_AGGRESSIVE;
				CLANG_CXX_LANGUAGE_STANDARD = "gnu++14";
				CLANG_CXX_LIBRARY = "libc++";
				CLANG_ENABLE_MODULES = YES;
				CLANG_ENABLE_OBJC_ARC = YES;
				CLANG_ENABLE_OBJC_WEAK = YES;
				CLANG_WARN_BLOCK_CAPTURE_AUTORELEASING = YES;
				CLANG_WARN_BOOL_CONVERSION = YES;
				CLANG_WARN_COMMA = YES;
				CLANG_WARN_CONSTANT_CONVERSION = YES;
				CLANG_WARN_DEPRECATED_OBJC_IMPLEMENTATIONS = YES;
				CLANG_WARN_DIRECT_OBJC_ISA_USAGE = YES_ERROR;
				CLANG_WARN_DOCUMENTATION_COMMENTS = YES;
				CLANG_WARN_EMPTY_BODY = YES;
				CLANG_WARN_ENUM_CONVERSION = YES;
				CLANG_WARN_INFINITE_RECURSION = YES;
				CLANG_WARN_INT_CONVERSION = YES;
				CLANG_WARN_NON_LITERAL_NULL_CONVERSION = YES;
				CLANG_WARN_OBJC_IMPLICIT_RETAIN_SELF = YES;
				CLANG_WARN_OBJC_LITERAL_CONVERSION = YES;
				CLANG_WARN_OBJC_ROOT_CLASS = YES_ERROR;
				CLANG_WARN_RANGE_LOOP_ANALYSIS = YES;
				CLANG_WARN_STRICT_PROTOTYPES = YES;
				CLANG_WARN_SUSPICIOUS_MOVE = YES;
				CLANG_WARN_UNGUARDED_AVAILABILITY = YES_AGGRESSIVE;
				CLANG_WARN_UNREACHABLE_CODE = YES;
				CLANG_WARN__DUPLICATE_METHOD_MATCH = YES;
				COPY_PHASE_STRIP = NO;
				DEBUG_INFORMATION_FORMAT = "dwarf-with-dsym";
				ENABLE_NS_ASSERTIONS = NO;
				ENABLE_STRICT_OBJC_MSGSEND = YES;
				GCC_C_LANGUAGE_STANDARD = gnu11;
				GCC_NO_COMMON_BLOCKS = YES;
				GCC_WARN_64_TO_32_BIT_CONVERSION = YES;
				GCC_WARN_ABOUT_RETURN_TYPE = YES_ERROR;
				GCC_WARN_UNDECLARED_SELECTOR = YES;
				GCC_WARN_UNINITIALIZED_AUTOS = YES_AGGRESSIVE;
				GCC_WARN_UNUSED_FUNCTION = YES;
				GCC_WARN_UNUSED_VARIABLE = YES;
				IPHONEOS_DEPLOYMENT_TARGET = 13.4;
				MTL_ENABLE_DEBUG_INFO = NO;
				MTL_FAST_MATH = YES;
				SDKROOT = iphoneos;
				VALIDATE_PRODUCT = YES;
			};
			name = Release;
		};
		18E4277424CFAE4A00DA7AB3 /* Debug */ = {
			isa = XCBuildConfiguration;
			buildSettings = {
				ASSETCATALOG_COMPILER_APPICON_NAME = AppIcon;
				CODE_SIGN_STYLE = Automatic;
				DEVELOPMENT_TEAM = W642XAJPP4;
				INFOPLIST_FILE = OpenGL_ES_CubeRotation2/Info.plist;
				IPHONEOS_DEPLOYMENT_TARGET = 9.0;
				LD_RUNPATH_SEARCH_PATHS = (
					"$(inherited)",
					"@executable_path/Frameworks",
				);
				PRODUCT_BUNDLE_IDENTIFIER = "com.jun.OpenGL-ES-CubeRotation2";
				PRODUCT_NAME = "$(TARGET_NAME)";
				TARGETED_DEVICE_FAMILY = 1;
			};
			name = Debug;
		};
		18E4277524CFAE4A00DA7AB3 /* Release */ = {
			isa = XCBuildConfiguration;
			buildSettings = {
				ASSETCATALOG_COMPILER_APPICON_NAME = AppIcon;
				CODE_SIGN_STYLE = Automatic;
				DEVELOPMENT_TEAM = W642XAJPP4;
				INFOPLIST_FILE = OpenGL_ES_CubeRotation2/Info.plist;
				IPHONEOS_DEPLOYMENT_TARGET = 9.0;
				LD_RUNPATH_SEARCH_PATHS = (
					"$(inherited)",
					"@executable_path/Frameworks",
				);
				PRODUCT_BUNDLE_IDENTIFIER = "com.jun.OpenGL-ES-CubeRotation2";
				PRODUCT_NAME = "$(TARGET_NAME)";
				TARGETED_DEVICE_FAMILY = 1;
			};
			name = Release;
		};
/* End XCBuildConfiguration section */

/* Begin XCConfigurationList section */
		18E4275524CFAE4800DA7AB3 /* Build configuration list for PBXProject "OpenGL_ES_CubeRotation2" */ = {
			isa = XCConfigurationList;
			buildConfigurations = (
				18E4277124CFAE4A00DA7AB3 /* Debug */,
				18E4277224CFAE4A00DA7AB3 /* Release */,
			);
			defaultConfigurationIsVisible = 0;
			defaultConfigurationName = Release;
		};
		18E4277324CFAE4A00DA7AB3 /* Build configuration list for PBXNativeTarget "OpenGL_ES_CubeRotation2" */ = {
			isa = XCConfigurationList;
			buildConfigurations = (
				18E4277424CFAE4A00DA7AB3 /* Debug */,
				18E4277524CFAE4A00DA7AB3 /* Release */,
			);
			defaultConfigurationIsVisible = 0;
			defaultConfigurationName = Release;
		};
/* End XCConfigurationList section */
	};
	rootObject = 18E4275224CFAE4800DA7AB3 /* Project object */;
}
